
Microsoft Visual Studio Solution File, Format Version 12.00
# Visual Studio Version 17
VisualStudioVersion = 17.10.35122.118
MinimumVisualStudioVersion = 10.0.40219.1
Project("{FAE04EC0-301F-11D3-BF4B-00C04F79EFBC}") = "APINetMaui", "APINetMaui\APINetMaui.csproj", "{4D32B219-CD0F-499C-8658-CDA18712F6AE}"
EndProject
Global
	GlobalSection(SolutionConfigurationPlatforms) = preSolution
		Debug|Any CPU = Debug|Any CPU
		Release|Any CPU = Release|Any CPU
	EndGlobalSection
	GlobalSection(ProjectConfigurationPlatforms) = postSolution
		{4D32B219-CD0F-499C-8658-CDA18712F6AE}.Debug|Any CPU.ActiveCfg = Debug|Any CPU
		{4D32B219-CD0F-499C-8658-CDA18712F6AE}.Debug|Any CPU.Build.0 = Debug|Any CPU
		{4D32B219-CD0F-499C-8658-CDA18712F6AE}.Release|Any CPU.ActiveCfg = Release|Any CPU
		{4D32B219-CD0F-499C-8658-CDA18712F6AE}.Release|Any CPU.Build.0 = Release|Any CPU
	EndGlobalSection
	GlobalSection(SolutionProperties) = preSolution
		HideSolutionNode = FALSE
	EndGlobalSection
	GlobalSection(ExtensibilityGlobals) = postSolution
		SolutionGuid = {292019D2-A052-4016-B7BB-606FAD51C7AD}
	EndGlobalSection
EndGlobal
